
Microsoft Visual Studio Solution File, Format Version 12.00
# Visual Studio 15
Project("{FAE04EC0-301F-11D3-BF4B-00C04F79EFBC}") = "Zenject", "Zenject.csproj", "{C7F00CE9-333D-0C2B-D3CA-520CA7CFB781}"
EndProject
Project("{FAE04EC0-301F-11D3-BF4B-00C04F79EFBC}") = "Zenject-IntegrationTests-Editor", "Zenject-IntegrationTests-Editor.csproj", "{50900663-ECAE-FC29-8ECF-19443ED9A73E}"
EndProject
Project("{FAE04EC0-301F-11D3-BF4B-00C04F79EFBC}") = "Zenject-IntegrationTests", "Zenject-IntegrationTests.csproj", "{57CF34F1-99DE-9771-BA82-41D1D7F3D702}"
EndProject
Project("{FAE04EC0-301F-11D3-BF4B-00C04F79EFBC}") = "Assembly-CSharp", "Assembly-CSharp.csproj", "{32C3BDE6-E125-3128-82C1-25D0441455A3}"
EndProject
Project("{FAE04EC0-301F-11D3-BF4B-00C04F79EFBC}") = "Assembly-CSharp-firstpass", "Assembly-CSharp-firstpass.csproj", "{6A2F10FE-0898-9C1C-9897-D62F3A6958CF}"
EndProject
Project("{FAE04EC0-301F-11D3-BF4B-00C04F79EFBC}") = "Zenject-PoolMonitor-Editor", "Zenject-PoolMonitor-Editor.csproj", "{7F68AB16-BD2D-381D-0329-C88824C86FA4}"
EndProject
Project("{FAE04EC0-301F-11D3-BF4B-00C04F79EFBC}") = "Zenject-UnitTests-Editor", "Zenject-UnitTests-Editor.csproj", "{DB69195B-DBBB-C832-CE80-261F2CCAAC88}"
EndProject
Project("{FAE04EC0-301F-11D3-BF4B-00C04F79EFBC}") = "Zenject-ReflectionBaking-Editor", "Zenject-ReflectionBaking-Editor.csproj", "{E6F77254-F4B9-1B6A-634E-7EC28E428EA8}"
EndProject
Project("{FAE04EC0-301F-11D3-BF4B-00C04F79EFBC}") = "Zenject-TestFramework", "Zenject-TestFramework.csproj", "{BC458E37-8FC6-102F-2DB4-354073BFBA7A}"
EndProject
Project("{FAE04EC0-301F-11D3-BF4B-00C04F79EFBC}") = "Zenject-Editor", "Zenject-Editor.csproj", "{CD654AAA-94B2-BF71-1489-73C183399B2F}"
EndProject
Global
	GlobalSection(SolutionConfigurationPlatforms) = preSolution
		Debug|Any CPU = Debug|Any CPU
		Release|Any CPU = Release|Any CPU
	EndGlobalSection
	GlobalSection(ProjectConfigurationPlatforms) = postSolution
		{C7F00CE9-333D-0C2B-D3CA-520CA7CFB781}.Debug|Any CPU.ActiveCfg = Debug|Any CPU
		{C7F00CE9-333D-0C2B-D3CA-520CA7CFB781}.Debug|Any CPU.Build.0 = Debug|Any CPU
		{C7F00CE9-333D-0C2B-D3CA-520CA7CFB781}.Release|Any CPU.ActiveCfg = Release|Any CPU
		{C7F00CE9-333D-0C2B-D3CA-520CA7CFB781}.Release|Any CPU.Build.0 = Release|Any CPU
		{50900663-ECAE-FC29-8ECF-19443ED9A73E}.Debug|Any CPU.ActiveCfg = Debug|Any CPU
		{50900663-ECAE-FC29-8ECF-19443ED9A73E}.Debug|Any CPU.Build.0 = Debug|Any CPU
		{50900663-ECAE-FC29-8ECF-19443ED9A73E}.Release|Any CPU.ActiveCfg = Release|Any CPU
		{50900663-ECAE-FC29-8ECF-19443ED9A73E}.Release|Any CPU.Build.0 = Release|Any CPU
		{57CF34F1-99DE-9771-BA82-41D1D7F3D702}.Debug|Any CPU.ActiveCfg = Debug|Any CPU
		{57CF34F1-99DE-9771-BA82-41D1D7F3D702}.Debug|Any CPU.Build.0 = Debug|Any CPU
		{57CF34F1-99DE-9771-BA82-41D1D7F3D702}.Release|Any CPU.ActiveCfg = Release|Any CPU
		{57CF34F1-99DE-9771-BA82-41D1D7F3D702}.Release|Any CPU.Build.0 = Release|Any CPU
		{32C3BDE6-E125-3128-82C1-25D0441455A3}.Debug|Any CPU.ActiveCfg = Debug|Any CPU
		{32C3BDE6-E125-3128-82C1-25D0441455A3}.Debug|Any CPU.Build.0 = Debug|Any CPU
		{32C3BDE6-E125-3128-82C1-25D0441455A3}.Release|Any CPU.ActiveCfg = Release|Any CPU
		{32C3BDE6-E125-3128-82C1-25D0441455A3}.Release|Any CPU.Build.0 = Release|Any CPU
		{6A2F10FE-0898-9C1C-9897-D62F3A6958CF}.Debug|Any CPU.ActiveCfg = Debug|Any CPU
		{6A2F10FE-0898-9C1C-9897-D62F3A6958CF}.Debug|Any CPU.Build.0 = Debug|Any CPU
		{6A2F10FE-0898-9C1C-9897-D62F3A6958CF}.Release|Any CPU.ActiveCfg = Release|Any CPU
		{6A2F10FE-0898-9C1C-9897-D62F3A6958CF}.Release|Any CPU.Build.0 = Release|Any CPU
		{7F68AB16-BD2D-381D-0329-C88824C86FA4}.Debug|Any CPU.ActiveCfg = Debug|Any CPU
		{7F68AB16-BD2D-381D-0329-C88824C86FA4}.Debug|Any CPU.Build.0 = Debug|Any CPU
		{7F68AB16-BD2D-381D-0329-C88824C86FA4}.Release|Any CPU.ActiveCfg = Release|Any CPU
		{7F68AB16-BD2D-381D-0329-C88824C86FA4}.Release|Any CPU.Build.0 = Release|Any CPU
		{DB69195B-DBBB-C832-CE80-261F2CCAAC88}.Debug|Any CPU.ActiveCfg = Debug|Any CPU
		{DB69195B-DBBB-C832-CE80-261F2CCAAC88}.Debug|Any CPU.Build.0 = Debug|Any CPU
		{DB69195B-DBBB-C832-CE80-261F2CCAAC88}.Release|Any CPU.ActiveCfg = Release|Any CPU
		{DB69195B-DBBB-C832-CE80-261F2CCAAC88}.Release|Any CPU.Build.0 = Release|Any CPU
		{E6F77254-F4B9-1B6A-634E-7EC28E428EA8}.Debug|Any CPU.ActiveCfg = Debug|Any CPU
		{E6F77254-F4B9-1B6A-634E-7EC28E428EA8}.Debug|Any CPU.Build.0 = Debug|Any CPU
		{E6F77254-F4B9-1B6A-634E-7EC28E428EA8}.Release|Any CPU.ActiveCfg = Release|Any CPU
		{E6F77254-F4B9-1B6A-634E-7EC28E428EA8}.Release|Any CPU.Build.0 = Release|Any CPU
		{BC458E37-8FC6-102F-2DB4-354073BFBA7A}.Debug|Any CPU.ActiveCfg = Debug|Any CPU
		{BC458E37-8FC6-102F-2DB4-354073BFBA7A}.Debug|Any CPU.Build.0 = Debug|Any CPU
		{BC458E37-8FC6-102F-2DB4-354073BFBA7A}.Release|Any CPU.ActiveCfg = Release|Any CPU
		{BC458E37-8FC6-102F-2DB4-354073BFBA7A}.Release|Any CPU.Build.0 = Release|Any CPU
		{CD654AAA-94B2-BF71-1489-73C183399B2F}.Debug|Any CPU.ActiveCfg = Debug|Any CPU
		{CD654AAA-94B2-BF71-1489-73C183399B2F}.Debug|Any CPU.Build.0 = Debug|Any CPU
		{CD654AAA-94B2-BF71-1489-73C183399B2F}.Release|Any CPU.ActiveCfg = Release|Any CPU
		{CD654AAA-94B2-BF71-1489-73C183399B2F}.Release|Any CPU.Build.0 = Release|Any CPU
	EndGlobalSection
	GlobalSection(SolutionProperties) = preSolution
		HideSolutionNode = FALSE
	EndGlobalSection
EndGlobal
